
Microsoft Visual Studio Solution File, Format Version 12.00
# Visual Studio 2013
VisualStudioVersion = 12.0.31101.0
MinimumVisualStudioVersion = 10.0.40219.1
Project("{FAE04EC0-301F-11D3-BF4B-00C04F79EFBC}") = "Procdet", "Procdet\Procdet.csproj", "{67FADB55-6101-4017-B06D-61927A2AAD7A}"
EndProject
Project("{FAE04EC0-301F-11D3-BF4B-00C04F79EFBC}") = "Procdet.Tests", "Procdet.Tests\Procdet.Tests.csproj", "{35321D6F-6A1A-4FA0-AABF-5D08311ABAD3}"
EndProject
Global
	GlobalSection(SolutionConfigurationPlatforms) = preSolution
		Debug|Any CPU = Debug|Any CPU
		Release|Any CPU = Release|Any CPU
	EndGlobalSection
	GlobalSection(ProjectConfigurationPlatforms) = postSolution
		{67FADB55-6101-4017-B06D-61927A2AAD7A}.Debug|Any CPU.ActiveCfg = Debug|Any CPU
		{67FADB55-6101-4017-B06D-61927A2AAD7A}.Debug|Any CPU.Build.0 = Debug|Any CPU
		{67FADB55-6101-4017-B06D-61927A2AAD7A}.Release|Any CPU.ActiveCfg = Release|Any CPU
		{67FADB55-6101-4017-B06D-61927A2AAD7A}.Release|Any CPU.Build.0 = Release|Any CPU
		{35321D6F-6A1A-4FA0-AABF-5D08311ABAD3}.Debug|Any CPU.ActiveCfg = Debug|Any CPU
		{35321D6F-6A1A-4FA0-AABF-5D08311ABAD3}.Debug|Any CPU.Build.0 = Debug|Any CPU
		{35321D6F-6A1A-4FA0-AABF-5D08311ABAD3}.Release|Any CPU.ActiveCfg = Release|Any CPU
		{35321D6F-6A1A-4FA0-AABF-5D08311ABAD3}.Release|Any CPU.Build.0 = Release|Any CPU
	EndGlobalSection
	GlobalSection(SolutionProperties) = preSolution
		HideSolutionNode = FALSE
	EndGlobalSection
EndGlobal
